// !$*UTF8*$!
{
	archiveVersion = 1;
	classes = {
	};
	objectVersion = 46;
	objects = {

/* Begin PBXBuildFile section */
		0091D8F90E81B9330029341E /* OpenGL.framework in Frameworks */ = {isa = PBXBuildFile; fileRef = 0091D8F80E81B9330029341E /* OpenGL.framework */; };
		0097E3E50F3E9819005A4392 /* QuickTime.framework in Frameworks */ = {isa = PBXBuildFile; fileRef = 0097E3E40F3E9819005A4392 /* QuickTime.framework */; };
		00B784B30FF439BC000DE1D7 /* Accelerate.framework in Frameworks */ = {isa = PBXBuildFile; fileRef = 00B784AF0FF439BC000DE1D7 /* Accelerate.framework */; };
		00B784B40FF439BC000DE1D7 /* AudioToolbox.framework in Frameworks */ = {isa = PBXBuildFile; fileRef = 00B784B00FF439BC000DE1D7 /* AudioToolbox.framework */; };
		00B784B50FF439BC000DE1D7 /* AudioUnit.framework in Frameworks */ = {isa = PBXBuildFile; fileRef = 00B784B10FF439BC000DE1D7 /* AudioUnit.framework */; };
		00B784B60FF439BC000DE1D7 /* CoreAudio.framework in Frameworks */ = {isa = PBXBuildFile; fileRef = 00B784B20FF439BC000DE1D7 /* CoreAudio.framework */; };
		00BAE65A0E7ED9C10018A608 /* OculonApp.cpp in Sources */ = {isa = PBXBuildFile; fileRef = 00BAE6590E7ED9C10018A608 /* OculonApp.cpp */; };
		00CCAF15116A9FEE008396D5 /* CinderApp.icns in Resources */ = {isa = PBXBuildFile; fileRef = 00CCAF14116A9FEE008396D5 /* CinderApp.icns */; };
		5323E6B20EAFCA74003A9687 /* CoreVideo.framework in Frameworks */ = {isa = PBXBuildFile; fileRef = 5323E6B10EAFCA74003A9687 /* CoreVideo.framework */; };
		5323E6B60EAFCA7E003A9687 /* QTKit.framework in Frameworks */ = {isa = PBXBuildFile; fileRef = 5323E6B50EAFCA7E003A9687 /* QTKit.framework */; };
		53E3CDFC0E86099300238D2B /* Carbon.framework in Frameworks */ = {isa = PBXBuildFile; fileRef = 53E3CDFB0E86099300238D2B /* Carbon.framework */; };
		7C146A32145E5FDE005B824E /* MindWaveTest.cpp in Sources */ = {isa = PBXBuildFile; fileRef = 7C146A30145E5FDE005B824E /* MindWaveTest.cpp */; };
		7C1C51EA1457A79D00053F9D /* MidiInput.cpp in Sources */ = {isa = PBXBuildFile; fileRef = 7C1C51E91457A79D00053F9D /* MidiInput.cpp */; };
		7C1C52021457A97E00053F9D /* CoreMIDI.framework in Frameworks */ = {isa = PBXBuildFile; fileRef = 7C1C52011457A97E00053F9D /* CoreMIDI.framework */; };
		7C1C520C1457A99B00053F9D /* CoreFoundation.framework in Frameworks */ = {isa = PBXBuildFile; fileRef = 7C1C520B1457A99B00053F9D /* CoreFoundation.framework */; };
		7C1C52E51457AAF700053F9D /* RtMidi.cpp in Sources */ = {isa = PBXBuildFile; fileRef = 7C1C528E1457AAF700053F9D /* RtMidi.cpp */; };
		7C1C52E61457AAF700053F9D /* README in Resources */ = {isa = PBXBuildFile; fileRef = 7C1C52901457AAF700053F9D /* README */; };
		7C1C530B1457AAF700053F9D /* MidiHub.cpp in Sources */ = {isa = PBXBuildFile; fileRef = 7C1C52CC1457AAF700053F9D /* MidiHub.cpp */; };
		7C1C530C1457AAF700053F9D /* MidiIn.cpp in Sources */ = {isa = PBXBuildFile; fileRef = 7C1C52CD1457AAF700053F9D /* MidiIn.cpp */; };
		7C1C530D1457AAF700053F9D /* MidiMessage.cpp in Sources */ = {isa = PBXBuildFile; fileRef = 7C1C52CE1457AAF700053F9D /* MidiMessage.cpp */; };
		7C1C54B41458F48500053F9D /* MidiMap.cpp in Sources */ = {isa = PBXBuildFile; fileRef = 7C1C54B31458F48500053F9D /* MidiMap.cpp */; };
		7C566D4E145A4EE9006E0E32 /* AudioTest.cpp in Sources */ = {isa = PBXBuildFile; fileRef = 7C566D4D145A4EE9006E0E32 /* AudioTest.cpp */; };
		7C566E27145DF9F0006E0E32 /* MindWave.cpp in Sources */ = {isa = PBXBuildFile; fileRef = 7C566E26145DF9F0006E0E32 /* MindWave.cpp */; };
		7C94E6771481858100A552A0 /* ParticleController.cpp in Sources */ = {isa = PBXBuildFile; fileRef = 7C94E6761481858100A552A0 /* ParticleController.cpp */; };
		7CA202CE14623B0E000AFFFD /* Sun.cpp in Sources */ = {isa = PBXBuildFile; fileRef = 7CA202CD14623B0E000AFFFD /* Sun.cpp */; };
		7CB2A23B144BE81C0010C54D /* InfoPanel.cpp in Sources */ = {isa = PBXBuildFile; fileRef = 7CB2A23A144BE81C0010C54D /* InfoPanel.cpp */; };
		7CB2A28D144D007C0010C54D /* Entity.cpp in Sources */ = {isa = PBXBuildFile; fileRef = 7CB2A28C144D007C0010C54D /* Entity.cpp */; };
		7CB2A292144D049B0010C54D /* Behavior.cpp in Sources */ = {isa = PBXBuildFile; fileRef = 7CB2A291144D049B0010C54D /* Behavior.cpp */; };
		7CB2A297144D062D0010C54D /* Scene.cpp in Sources */ = {isa = PBXBuildFile; fileRef = 7CB2A296144D062D0010C54D /* Scene.cpp */; };
		7CB2A418144FCB3F0010C54D /* Orbiter.cpp in Sources */ = {isa = PBXBuildFile; fileRef = 7CB2A417144FCB3F0010C54D /* Orbiter.cpp */; };
		7CCA8F41144BAEF500C5229F /* AudioInput.cpp in Sources */ = {isa = PBXBuildFile; fileRef = 7CCA8F40144BAEF500C5229F /* AudioInput.cpp */; };
		7CD3D2AB14533D83007FB298 /* Body.cpp in Sources */ = {isa = PBXBuildFile; fileRef = 7CD3D2AA14533D83007FB298 /* Body.cpp */; };
		7CD3D5BA14552B57007FB298 /* TextEntity.cpp in Sources */ = {isa = PBXBuildFile; fileRef = 7CD3D5B914552B57007FB298 /* TextEntity.cpp */; };
		7CE0305A147CB6D1000F24F0 /* Particle.cpp in Sources */ = {isa = PBXBuildFile; fileRef = 7CE03059147CB6D1000F24F0 /* Particle.cpp */; };
		8D11072F0486CEB800E47090 /* Cocoa.framework in Frameworks */ = {isa = PBXBuildFile; fileRef = 1058C7A1FEA54F0111CA2CBB /* Cocoa.framework */; };
/* End PBXBuildFile section */

/* Begin PBXFileReference section */
		0091D8F80E81B9330029341E /* OpenGL.framework */ = {isa = PBXFileReference; lastKnownFileType = wrapper.framework; name = OpenGL.framework; path = /System/Library/Frameworks/OpenGL.framework; sourceTree = "<absolute>"; };
		0097E3E40F3E9819005A4392 /* QuickTime.framework */ = {isa = PBXFileReference; lastKnownFileType = wrapper.framework; name = QuickTime.framework; path = /System/Library/Frameworks/QuickTime.framework; sourceTree = "<absolute>"; };
		00B784AF0FF439BC000DE1D7 /* Accelerate.framework */ = {isa = PBXFileReference; lastKnownFileType = wrapper.framework; name = Accelerate.framework; path = System/Library/Frameworks/Accelerate.framework; sourceTree = SDKROOT; };
		00B784B00FF439BC000DE1D7 /* AudioToolbox.framework */ = {isa = PBXFileReference; lastKnownFileType = wrapper.framework; name = AudioToolbox.framework; path = System/Library/Frameworks/AudioToolbox.framework; sourceTree = SDKROOT; };
		00B784B10FF439BC000DE1D7 /* AudioUnit.framework */ = {isa = PBXFileReference; lastKnownFileType = wrapper.framework; name = AudioUnit.framework; path = System/Library/Frameworks/AudioUnit.framework; sourceTree = SDKROOT; };
		00B784B20FF439BC000DE1D7 /* CoreAudio.framework */ = {isa = PBXFileReference; lastKnownFileType = wrapper.framework; name = CoreAudio.framework; path = System/Library/Frameworks/CoreAudio.framework; sourceTree = SDKROOT; };
		00BAE6590E7ED9C10018A608 /* OculonApp.cpp */ = {isa = PBXFileReference; fileEncoding = 4; lastKnownFileType = sourcecode.cpp.cpp; name = OculonApp.cpp; path = ../src/OculonApp.cpp; sourceTree = SOURCE_ROOT; };
		00CCAF14116A9FEE008396D5 /* CinderApp.icns */ = {isa = PBXFileReference; lastKnownFileType = image.icns; name = CinderApp.icns; path = ../resources/CinderApp.icns; sourceTree = SOURCE_ROOT; };
		1058C7A1FEA54F0111CA2CBB /* Cocoa.framework */ = {isa = PBXFileReference; lastKnownFileType = wrapper.framework; name = Cocoa.framework; path = /System/Library/Frameworks/Cocoa.framework; sourceTree = "<absolute>"; };
		13E42FB307B3F0F600E4EEF1 /* CoreData.framework */ = {isa = PBXFileReference; lastKnownFileType = wrapper.framework; name = CoreData.framework; path = /System/Library/Frameworks/CoreData.framework; sourceTree = "<absolute>"; };
		29B97324FDCFA39411CA2CEA /* AppKit.framework */ = {isa = PBXFileReference; lastKnownFileType = wrapper.framework; name = AppKit.framework; path = /System/Library/Frameworks/AppKit.framework; sourceTree = "<absolute>"; };
		29B97325FDCFA39411CA2CEA /* Foundation.framework */ = {isa = PBXFileReference; lastKnownFileType = wrapper.framework; name = Foundation.framework; path = /System/Library/Frameworks/Foundation.framework; sourceTree = "<absolute>"; };
		32CA4F630368D1EE00C91783 /* Oculon_Prefix.pch */ = {isa = PBXFileReference; fileEncoding = 4; lastKnownFileType = sourcecode.c.h; path = Oculon_Prefix.pch; sourceTree = "<group>"; };
		5323E6B10EAFCA74003A9687 /* CoreVideo.framework */ = {isa = PBXFileReference; lastKnownFileType = wrapper.framework; name = CoreVideo.framework; path = /System/Library/Frameworks/CoreVideo.framework; sourceTree = "<absolute>"; };
		5323E6B50EAFCA7E003A9687 /* QTKit.framework */ = {isa = PBXFileReference; lastKnownFileType = wrapper.framework; name = QTKit.framework; path = /System/Library/Frameworks/QTKit.framework; sourceTree = "<absolute>"; };
		53E3CDFB0E86099300238D2B /* Carbon.framework */ = {isa = PBXFileReference; lastKnownFileType = wrapper.framework; name = Carbon.framework; path = /System/Library/Frameworks/Carbon.framework; sourceTree = "<absolute>"; };
		7C146A30145E5FDE005B824E /* MindWaveTest.cpp */ = {isa = PBXFileReference; fileEncoding = 4; lastKnownFileType = sourcecode.cpp.cpp; name = MindWaveTest.cpp; path = ../src/MindWaveTest.cpp; sourceTree = SOURCE_ROOT; };
		7C146A31145E5FDE005B824E /* MindWaveTest.h */ = {isa = PBXFileReference; fileEncoding = 4; lastKnownFileType = sourcecode.c.h; name = MindWaveTest.h; path = ../src/MindWaveTest.h; sourceTree = SOURCE_ROOT; };
		7C1C51E81457A79D00053F9D /* MidiInput.h */ = {isa = PBXFileReference; fileEncoding = 4; lastKnownFileType = sourcecode.c.h; name = MidiInput.h; path = ../src/MidiInput.h; sourceTree = SOURCE_ROOT; };
		7C1C51E91457A79D00053F9D /* MidiInput.cpp */ = {isa = PBXFileReference; fileEncoding = 4; lastKnownFileType = sourcecode.cpp.cpp; name = MidiInput.cpp; path = ../src/MidiInput.cpp; sourceTree = SOURCE_ROOT; };
		7C1C52011457A97E00053F9D /* CoreMIDI.framework */ = {isa = PBXFileReference; lastKnownFileType = wrapper.framework; name = CoreMIDI.framework; path = System/Library/Frameworks/CoreMIDI.framework; sourceTree = SDKROOT; };
		7C1C520B1457A99B00053F9D /* CoreFoundation.framework */ = {isa = PBXFileReference; lastKnownFileType = wrapper.framework; name = CoreFoundation.framework; path = System/Library/Frameworks/CoreFoundation.framework; sourceTree = SDKROOT; };
		7C1C52871457AAF700053F9D /* MidiConstants.h */ = {isa = PBXFileReference; fileEncoding = 4; lastKnownFileType = sourcecode.c.h; path = MidiConstants.h; sourceTree = "<group>"; };
		7C1C52881457AAF700053F9D /* MidiExceptions.h */ = {isa = PBXFileReference; fileEncoding = 4; lastKnownFileType = sourcecode.c.h; path = MidiExceptions.h; sourceTree = "<group>"; };
		7C1C52891457AAF700053F9D /* MidiHub.h */ = {isa = PBXFileReference; fileEncoding = 4; lastKnownFileType = sourcecode.c.h; path = MidiHub.h; sourceTree = "<group>"; };
		7C1C528A1457AAF700053F9D /* MidiIn.h */ = {isa = PBXFileReference; fileEncoding = 4; lastKnownFileType = sourcecode.c.h; path = MidiIn.h; sourceTree = "<group>"; };
		7C1C528B1457AAF700053F9D /* MidiMessage.h */ = {isa = PBXFileReference; fileEncoding = 4; lastKnownFileType = sourcecode.c.h; path = MidiMessage.h; sourceTree = "<group>"; };
		7C1C528D1457AAF700053F9D /* RtError.h */ = {isa = PBXFileReference; fileEncoding = 4; lastKnownFileType = sourcecode.c.h; path = RtError.h; sourceTree = "<group>"; };
		7C1C528E1457AAF700053F9D /* RtMidi.cpp */ = {isa = PBXFileReference; fileEncoding = 4; lastKnownFileType = sourcecode.cpp.cpp; path = RtMidi.cpp; sourceTree = "<group>"; };
		7C1C528F1457AAF700053F9D /* RtMidi.h */ = {isa = PBXFileReference; fileEncoding = 4; lastKnownFileType = sourcecode.c.h; path = RtMidi.h; sourceTree = "<group>"; };
		7C1C52901457AAF700053F9D /* README */ = {isa = PBXFileReference; fileEncoding = 4; lastKnownFileType = text; path = README; sourceTree = "<group>"; };
		7C1C52CC1457AAF700053F9D /* MidiHub.cpp */ = {isa = PBXFileReference; fileEncoding = 4; lastKnownFileType = sourcecode.cpp.cpp; path = MidiHub.cpp; sourceTree = "<group>"; };
		7C1C52CD1457AAF700053F9D /* MidiIn.cpp */ = {isa = PBXFileReference; fileEncoding = 4; lastKnownFileType = sourcecode.cpp.cpp; path = MidiIn.cpp; sourceTree = "<group>"; };
		7C1C52CE1457AAF700053F9D /* MidiMessage.cpp */ = {isa = PBXFileReference; fileEncoding = 4; lastKnownFileType = sourcecode.cpp.cpp; path = MidiMessage.cpp; sourceTree = "<group>"; };
		7C1C54B21458F48500053F9D /* MidiMap.h */ = {isa = PBXFileReference; fileEncoding = 4; lastKnownFileType = sourcecode.c.h; name = MidiMap.h; path = ../src/MidiMap.h; sourceTree = SOURCE_ROOT; };
		7C1C54B31458F48500053F9D /* MidiMap.cpp */ = {isa = PBXFileReference; fileEncoding = 4; lastKnownFileType = sourcecode.cpp.cpp; name = MidiMap.cpp; path = ../src/MidiMap.cpp; sourceTree = SOURCE_ROOT; };
		7C566D4C145A4EE9006E0E32 /* AudioTest.h */ = {isa = PBXFileReference; fileEncoding = 4; lastKnownFileType = sourcecode.c.h; name = AudioTest.h; path = ../src/AudioTest.h; sourceTree = SOURCE_ROOT; };
		7C566D4D145A4EE9006E0E32 /* AudioTest.cpp */ = {isa = PBXFileReference; fileEncoding = 4; lastKnownFileType = sourcecode.cpp.cpp; name = AudioTest.cpp; path = ../src/AudioTest.cpp; sourceTree = SOURCE_ROOT; };
		7C566E25145DF9F0006E0E32 /* MindWave.h */ = {isa = PBXFileReference; fileEncoding = 4; lastKnownFileType = sourcecode.c.h; name = MindWave.h; path = ../src/MindWave.h; sourceTree = SOURCE_ROOT; };
		7C566E26145DF9F0006E0E32 /* MindWave.cpp */ = {isa = PBXFileReference; fileEncoding = 4; lastKnownFileType = sourcecode.cpp.cpp; name = MindWave.cpp; path = ../src/MindWave.cpp; sourceTree = SOURCE_ROOT; };
		7C94E6751481858100A552A0 /* ParticleController.h */ = {isa = PBXFileReference; fileEncoding = 4; lastKnownFileType = sourcecode.c.h; name = ParticleController.h; path = ../src/ParticleController.h; sourceTree = SOURCE_ROOT; };
		7C94E6761481858100A552A0 /* ParticleController.cpp */ = {isa = PBXFileReference; fileEncoding = 4; lastKnownFileType = sourcecode.cpp.cpp; name = ParticleController.cpp; path = ../src/ParticleController.cpp; sourceTree = SOURCE_ROOT; };
		7CA202CC14623B0E000AFFFD /* Sun.h */ = {isa = PBXFileReference; fileEncoding = 4; lastKnownFileType = sourcecode.c.h; name = Sun.h; path = ../src/Sun.h; sourceTree = SOURCE_ROOT; };
		7CA202CD14623B0E000AFFFD /* Sun.cpp */ = {isa = PBXFileReference; fileEncoding = 4; lastKnownFileType = sourcecode.cpp.cpp; name = Sun.cpp; path = ../src/Sun.cpp; sourceTree = SOURCE_ROOT; };
		7CB2A239144BE80C0010C54D /* InfoPanel.h */ = {isa = PBXFileReference; fileEncoding = 4; lastKnownFileType = sourcecode.c.h; name = InfoPanel.h; path = ../include/InfoPanel.h; sourceTree = SOURCE_ROOT; };
		7CB2A23A144BE81C0010C54D /* InfoPanel.cpp */ = {isa = PBXFileReference; fileEncoding = 4; lastKnownFileType = sourcecode.cpp.cpp; name = InfoPanel.cpp; path = ../src/InfoPanel.cpp; sourceTree = SOURCE_ROOT; };
		7CB2A28B144D007C0010C54D /* Entity.h */ = {isa = PBXFileReference; fileEncoding = 4; lastKnownFileType = sourcecode.c.h; name = Entity.h; path = ../src/Entity.h; sourceTree = SOURCE_ROOT; };
		7CB2A28C144D007C0010C54D /* Entity.cpp */ = {isa = PBXFileReference; fileEncoding = 4; lastKnownFileType = sourcecode.cpp.cpp; name = Entity.cpp; path = ../src/Entity.cpp; sourceTree = SOURCE_ROOT; };
		7CB2A290144D049B0010C54D /* Behavior.h */ = {isa = PBXFileReference; fileEncoding = 4; lastKnownFileType = sourcecode.c.h; name = Behavior.h; path = ../src/Behavior.h; sourceTree = SOURCE_ROOT; };
		7CB2A291144D049B0010C54D /* Behavior.cpp */ = {isa = PBXFileReference; fileEncoding = 4; lastKnownFileType = sourcecode.cpp.cpp; name = Behavior.cpp; path = ../src/Behavior.cpp; sourceTree = SOURCE_ROOT; };
		7CB2A295144D062D0010C54D /* Scene.h */ = {isa = PBXFileReference; fileEncoding = 4; lastKnownFileType = sourcecode.c.h; name = Scene.h; path = ../src/Scene.h; sourceTree = SOURCE_ROOT; };
		7CB2A296144D062D0010C54D /* Scene.cpp */ = {isa = PBXFileReference; fileEncoding = 4; lastKnownFileType = sourcecode.cpp.cpp; name = Scene.cpp; path = ../src/Scene.cpp; sourceTree = SOURCE_ROOT; };
		7CB2A416144FCB3F0010C54D /* Orbiter.h */ = {isa = PBXFileReference; fileEncoding = 4; lastKnownFileType = sourcecode.c.h; name = Orbiter.h; path = ../src/Orbiter.h; sourceTree = SOURCE_ROOT; };
		7CB2A417144FCB3F0010C54D /* Orbiter.cpp */ = {isa = PBXFileReference; fileEncoding = 4; lastKnownFileType = sourcecode.cpp.cpp; name = Orbiter.cpp; path = ../src/Orbiter.cpp; sourceTree = SOURCE_ROOT; };
		7CCA8F03144BA28500C5229F /* OculonApp.h */ = {isa = PBXFileReference; fileEncoding = 4; lastKnownFileType = sourcecode.c.h; name = OculonApp.h; path = ../include/OculonApp.h; sourceTree = SOURCE_ROOT; };
		7CCA8F3F144BAC0500C5229F /* AudioInput.h */ = {isa = PBXFileReference; fileEncoding = 4; lastKnownFileType = sourcecode.c.h; name = AudioInput.h; path = ../include/AudioInput.h; sourceTree = SOURCE_ROOT; };
		7CCA8F40144BAEF500C5229F /* AudioInput.cpp */ = {isa = PBXFileReference; fileEncoding = 4; lastKnownFileType = sourcecode.cpp.cpp; name = AudioInput.cpp; path = ../src/AudioInput.cpp; sourceTree = SOURCE_ROOT; };
		7CD3D2A914533D83007FB298 /* Body.h */ = {isa = PBXFileReference; fileEncoding = 4; lastKnownFileType = sourcecode.c.h; name = Body.h; path = ../src/Body.h; sourceTree = SOURCE_ROOT; };
		7CD3D2AA14533D83007FB298 /* Body.cpp */ = {isa = PBXFileReference; fileEncoding = 4; lastKnownFileType = sourcecode.cpp.cpp; name = Body.cpp; path = ../src/Body.cpp; sourceTree = SOURCE_ROOT; };
		7CD3D5B814552B57007FB298 /* TextEntity.h */ = {isa = PBXFileReference; fileEncoding = 4; lastKnownFileType = sourcecode.c.h; name = TextEntity.h; path = ../src/TextEntity.h; sourceTree = SOURCE_ROOT; };
		7CD3D5B914552B57007FB298 /* TextEntity.cpp */ = {isa = PBXFileReference; fileEncoding = 4; lastKnownFileType = sourcecode.cpp.cpp; name = TextEntity.cpp; path = ../src/TextEntity.cpp; sourceTree = SOURCE_ROOT; };
		7CE03058147CB6D1000F24F0 /* Particle.h */ = {isa = PBXFileReference; fileEncoding = 4; lastKnownFileType = sourcecode.c.h; name = Particle.h; path = ../src/Particle.h; sourceTree = SOURCE_ROOT; };
		7CE03059147CB6D1000F24F0 /* Particle.cpp */ = {isa = PBXFileReference; fileEncoding = 4; lastKnownFileType = sourcecode.cpp.cpp; name = Particle.cpp; path = ../src/Particle.cpp; sourceTree = SOURCE_ROOT; };
		8D1107310486CEB800E47090 /* Info.plist */ = {isa = PBXFileReference; fileEncoding = 4; lastKnownFileType = text.plist.xml; path = Info.plist; sourceTree = "<group>"; };
		8D1107320486CEB800E47090 /* Oculon.app */ = {isa = PBXFileReference; explicitFileType = wrapper.application; includeInIndex = 0; path = Oculon.app; sourceTree = BUILT_PRODUCTS_DIR; };
/* End PBXFileReference section */

/* Begin PBXFrameworksBuildPhase section */
		8D11072E0486CEB800E47090 /* Frameworks */ = {
			isa = PBXFrameworksBuildPhase;
			buildActionMask = 2147483647;
			files = (
				8D11072F0486CEB800E47090 /* Cocoa.framework in Frameworks */,
				0091D8F90E81B9330029341E /* OpenGL.framework in Frameworks */,
				53E3CDFC0E86099300238D2B /* Carbon.framework in Frameworks */,
				5323E6B20EAFCA74003A9687 /* CoreVideo.framework in Frameworks */,
				5323E6B60EAFCA7E003A9687 /* QTKit.framework in Frameworks */,
				0097E3E50F3E9819005A4392 /* QuickTime.framework in Frameworks */,
				00B784B30FF439BC000DE1D7 /* Accelerate.framework in Frameworks */,
				00B784B40FF439BC000DE1D7 /* AudioToolbox.framework in Frameworks */,
				00B784B50FF439BC000DE1D7 /* AudioUnit.framework in Frameworks */,
				00B784B60FF439BC000DE1D7 /* CoreAudio.framework in Frameworks */,
				7C1C52021457A97E00053F9D /* CoreMIDI.framework in Frameworks */,
				7C1C520C1457A99B00053F9D /* CoreFoundation.framework in Frameworks */,
			);
			runOnlyForDeploymentPostprocessing = 0;
		};
/* End PBXFrameworksBuildPhase section */

/* Begin PBXGroup section */
		080E96DDFE201D6D7F000001 /* Source */ = {
			isa = PBXGroup;
			children = (
				7C566D49145A4EB5006E0E32 /* Scenes */,
				7C1C53CF1457C5A800053F9D /* Input */,
				7CB2A28A144D00480010C54D /* Entity */,
				7CB2A23A144BE81C0010C54D /* InfoPanel.cpp */,
				00BAE6590E7ED9C10018A608 /* OculonApp.cpp */,
				7CB2A290144D049B0010C54D /* Behavior.h */,
				7CB2A291144D049B0010C54D /* Behavior.cpp */,
				7CB2A295144D062D0010C54D /* Scene.h */,
				7CB2A296144D062D0010C54D /* Scene.cpp */,
			);
			name = Source;
			sourceTree = "<group>";
		};
		1058C7A0FEA54F0111CA2CBB /* Linked Frameworks */ = {
			isa = PBXGroup;
			children = (
				7C1C520B1457A99B00053F9D /* CoreFoundation.framework */,
				7C1C52011457A97E00053F9D /* CoreMIDI.framework */,
				00B784AF0FF439BC000DE1D7 /* Accelerate.framework */,
				00B784B00FF439BC000DE1D7 /* AudioToolbox.framework */,
				00B784B10FF439BC000DE1D7 /* AudioUnit.framework */,
				00B784B20FF439BC000DE1D7 /* CoreAudio.framework */,
				0097E3E40F3E9819005A4392 /* QuickTime.framework */,
				5323E6B50EAFCA7E003A9687 /* QTKit.framework */,
				5323E6B10EAFCA74003A9687 /* CoreVideo.framework */,
				53E3CDFB0E86099300238D2B /* Carbon.framework */,
				0091D8F80E81B9330029341E /* OpenGL.framework */,
				1058C7A1FEA54F0111CA2CBB /* Cocoa.framework */,
			);
			name = "Linked Frameworks";
			sourceTree = "<group>";
		};
		1058C7A2FEA54F0111CA2CBB /* Other Frameworks */ = {
			isa = PBXGroup;
			children = (
				29B97324FDCFA39411CA2CEA /* AppKit.framework */,
				13E42FB307B3F0F600E4EEF1 /* CoreData.framework */,
				29B97325FDCFA39411CA2CEA /* Foundation.framework */,
			);
			name = "Other Frameworks";
			sourceTree = "<group>";
		};
		19C28FACFE9D520D11CA2CBB /* Products */ = {
			isa = PBXGroup;
			children = (
				8D1107320486CEB800E47090 /* Oculon.app */,
			);
			name = Products;
			sourceTree = "<group>";
		};
		29B97314FDCFA39411CA2CEA /* Oculon */ = {
			isa = PBXGroup;
			children = (
				7C1C52601457AAF700053F9D /* Cinder-MIDI */,
				29B97315FDCFA39411CA2CEA /* Headers */,
				080E96DDFE201D6D7F000001 /* Source */,
				29B97317FDCFA39411CA2CEA /* Resources */,
				29B97323FDCFA39411CA2CEA /* Frameworks */,
				19C28FACFE9D520D11CA2CBB /* Products */,
			);
			name = Oculon;
			sourceTree = "<group>";
		};
		29B97315FDCFA39411CA2CEA /* Headers */ = {
			isa = PBXGroup;
			children = (
				7CB2A239144BE80C0010C54D /* InfoPanel.h */,
				7CCA8F03144BA28500C5229F /* OculonApp.h */,
				32CA4F630368D1EE00C91783 /* Oculon_Prefix.pch */,
			);
			name = Headers;
			sourceTree = "<group>";
		};
		29B97317FDCFA39411CA2CEA /* Resources */ = {
			isa = PBXGroup;
			children = (
				8D1107310486CEB800E47090 /* Info.plist */,
				00CCAF14116A9FEE008396D5 /* CinderApp.icns */,
			);
			name = Resources;
			sourceTree = "<group>";
		};
		29B97323FDCFA39411CA2CEA /* Frameworks */ = {
			isa = PBXGroup;
			children = (
				1058C7A0FEA54F0111CA2CBB /* Linked Frameworks */,
				1058C7A2FEA54F0111CA2CBB /* Other Frameworks */,
			);
			name = Frameworks;
			sourceTree = "<group>";
		};
		7C1C52601457AAF700053F9D /* Cinder-MIDI */ = {
			isa = PBXGroup;
			children = (
				7C1C52861457AAF700053F9D /* include */,
				7C1C528C1457AAF700053F9D /* libs */,
				7C1C52901457AAF700053F9D /* README */,
				7C1C52CB1457AAF700053F9D /* src */,
			);
			name = "Cinder-MIDI";
			path = "../../cinder_master/blocks/Cinder-MIDI";
			sourceTree = SOURCE_ROOT;
		};
		7C1C52861457AAF700053F9D /* include */ = {
			isa = PBXGroup;
			children = (
				7C1C52871457AAF700053F9D /* MidiConstants.h */,
				7C1C52881457AAF700053F9D /* MidiExceptions.h */,
				7C1C52891457AAF700053F9D /* MidiHub.h */,
				7C1C528A1457AAF700053F9D /* MidiIn.h */,
				7C1C528B1457AAF700053F9D /* MidiMessage.h */,
			);
			path = include;
			sourceTree = "<group>";
		};
		7C1C528C1457AAF700053F9D /* libs */ = {
			isa = PBXGroup;
			children = (
				7C1C528D1457AAF700053F9D /* RtError.h */,
				7C1C528E1457AAF700053F9D /* RtMidi.cpp */,
				7C1C528F1457AAF700053F9D /* RtMidi.h */,
			);
			path = libs;
			sourceTree = "<group>";
		};
		7C1C52CB1457AAF700053F9D /* src */ = {
			isa = PBXGroup;
			children = (
				7C1C52CC1457AAF700053F9D /* MidiHub.cpp */,
				7C1C52CD1457AAF700053F9D /* MidiIn.cpp */,
				7C1C52CE1457AAF700053F9D /* MidiMessage.cpp */,
			);
			path = src;
			sourceTree = "<group>";
		};
		7C1C53CF1457C5A800053F9D /* Input */ = {
			isa = PBXGroup;
			children = (
				7CCA8F3F144BAC0500C5229F /* AudioInput.h */,
				7CCA8F40144BAEF500C5229F /* AudioInput.cpp */,
				7C1C51E81457A79D00053F9D /* MidiInput.h */,
				7C1C51E91457A79D00053F9D /* MidiInput.cpp */,
				7C1C54B21458F48500053F9D /* MidiMap.h */,
				7C1C54B31458F48500053F9D /* MidiMap.cpp */,
				7C566E25145DF9F0006E0E32 /* MindWave.h */,
				7C566E26145DF9F0006E0E32 /* MindWave.cpp */,
			);
			name = Input;
			sourceTree = "<group>";
		};
		7C566D49145A4EB5006E0E32 /* Scenes */ = {
			isa = PBXGroup;
			children = (
				7C566D4B145A4EC9006E0E32 /* TestScenes */,
				7CD3D2A814533D70007FB298 /* Oribter */,
			);
			name = Scenes;
			sourceTree = "<group>";
		};
		7C566D4B145A4EC9006E0E32 /* TestScenes */ = {
			isa = PBXGroup;
			children = (
				7C146A30145E5FDE005B824E /* MindWaveTest.cpp */,
				7C146A31145E5FDE005B824E /* MindWaveTest.h */,
				7C566D4C145A4EE9006E0E32 /* AudioTest.h */,
				7C566D4D145A4EE9006E0E32 /* AudioTest.cpp */,
			);
			name = TestScenes;
			sourceTree = "<group>";
		};
		7CB2A28A144D00480010C54D /* Entity */ = {
			isa = PBXGroup;
			children = (
				7CB2A28B144D007C0010C54D /* Entity.h */,
				7CB2A28C144D007C0010C54D /* Entity.cpp */,
				7CD3D5B814552B57007FB298 /* TextEntity.h */,
				7CD3D5B914552B57007FB298 /* TextEntity.cpp */,
				7CE03058147CB6D1000F24F0 /* Particle.h */,
				7CE03059147CB6D1000F24F0 /* Particle.cpp */,
				7C94E6751481858100A552A0 /* ParticleController.h */,
				7C94E6761481858100A552A0 /* ParticleController.cpp */,
			);
			name = Entity;
			sourceTree = "<group>";
		};
		7CD3D2A814533D70007FB298 /* Oribter */ = {
			isa = PBXGroup;
			children = (
				7CB2A416144FCB3F0010C54D /* Orbiter.h */,
				7CB2A417144FCB3F0010C54D /* Orbiter.cpp */,
				7CD3D2A914533D83007FB298 /* Body.h */,
				7CD3D2AA14533D83007FB298 /* Body.cpp */,
				7CA202CC14623B0E000AFFFD /* Sun.h */,
				7CA202CD14623B0E000AFFFD /* Sun.cpp */,
			);
			name = Oribter;
			sourceTree = "<group>";
		};
/* End PBXGroup section */

/* Begin PBXNativeTarget section */
		8D1107260486CEB800E47090 /* Oculon */ = {
			isa = PBXNativeTarget;
			buildConfigurationList = C01FCF4A08A954540054247B /* Build configuration list for PBXNativeTarget "Oculon" */;
			buildPhases = (
				8D1107290486CEB800E47090 /* Resources */,
				8D11072C0486CEB800E47090 /* Sources */,
				8D11072E0486CEB800E47090 /* Frameworks */,
			);
			buildRules = (
			);
			dependencies = (
			);
			name = Oculon;
			productInstallPath = "$(HOME)/Applications";
			productName = Oculon;
			productReference = 8D1107320486CEB800E47090 /* Oculon.app */;
			productType = "com.apple.product-type.application";
		};
/* End PBXNativeTarget section */

/* Begin PBXProject section */
		29B97313FDCFA39411CA2CEA /* Project object */ = {
			isa = PBXProject;
			attributes = {
				ORGANIZATIONNAME = ewerx;
			};
			buildConfigurationList = C01FCF4E08A954540054247B /* Build configuration list for PBXProject "Oculon" */;
			compatibilityVersion = "Xcode 3.2";
			developmentRegion = English;
			hasScannedForEncodings = 1;
			knownRegions = (
				English,
				Japanese,
				French,
				German,
			);
			mainGroup = 29B97314FDCFA39411CA2CEA /* Oculon */;
			projectDirPath = "";
			projectRoot = "";
			targets = (
				8D1107260486CEB800E47090 /* Oculon */,
			);
		};
/* End PBXProject section */

/* Begin PBXResourcesBuildPhase section */
		8D1107290486CEB800E47090 /* Resources */ = {
			isa = PBXResourcesBuildPhase;
			buildActionMask = 2147483647;
			files = (
				00CCAF15116A9FEE008396D5 /* CinderApp.icns in Resources */,
				7C1C52E61457AAF700053F9D /* README in Resources */,
			);
			runOnlyForDeploymentPostprocessing = 0;
		};
/* End PBXResourcesBuildPhase section */

/* Begin PBXSourcesBuildPhase section */
		8D11072C0486CEB800E47090 /* Sources */ = {
			isa = PBXSourcesBuildPhase;
			buildActionMask = 2147483647;
			files = (
				00BAE65A0E7ED9C10018A608 /* OculonApp.cpp in Sources */,
				7CCA8F41144BAEF500C5229F /* AudioInput.cpp in Sources */,
				7CB2A23B144BE81C0010C54D /* InfoPanel.cpp in Sources */,
				7CB2A28D144D007C0010C54D /* Entity.cpp in Sources */,
				7CB2A292144D049B0010C54D /* Behavior.cpp in Sources */,
				7CB2A297144D062D0010C54D /* Scene.cpp in Sources */,
				7CB2A418144FCB3F0010C54D /* Orbiter.cpp in Sources */,
				7CD3D2AB14533D83007FB298 /* Body.cpp in Sources */,
				7CD3D5BA14552B57007FB298 /* TextEntity.cpp in Sources */,
				7C1C51EA1457A79D00053F9D /* MidiInput.cpp in Sources */,
				7C1C52E51457AAF700053F9D /* RtMidi.cpp in Sources */,
				7C1C530B1457AAF700053F9D /* MidiHub.cpp in Sources */,
				7C1C530C1457AAF700053F9D /* MidiIn.cpp in Sources */,
				7C1C530D1457AAF700053F9D /* MidiMessage.cpp in Sources */,
				7C1C54B41458F48500053F9D /* MidiMap.cpp in Sources */,
				7C566D4E145A4EE9006E0E32 /* AudioTest.cpp in Sources */,
				7C566E27145DF9F0006E0E32 /* MindWave.cpp in Sources */,
				7C146A32145E5FDE005B824E /* MindWaveTest.cpp in Sources */,
				7CA202CE14623B0E000AFFFD /* Sun.cpp in Sources */,
				7CE0305A147CB6D1000F24F0 /* Particle.cpp in Sources */,
				7C94E6771481858100A552A0 /* ParticleController.cpp in Sources */,
			);
			runOnlyForDeploymentPostprocessing = 0;
		};
/* End PBXSourcesBuildPhase section */

/* Begin XCBuildConfiguration section */
		C01FCF4B08A954540054247B /* Debug */ = {
			isa = XCBuildConfiguration;
			buildSettings = {
				COPY_PHASE_STRIP = NO;
				GCC_DYNAMIC_NO_PIC = NO;
				GCC_ENABLE_FIX_AND_CONTINUE = YES;
				GCC_INLINES_ARE_PRIVATE_EXTERN = YES;
				GCC_MODEL_TUNING = G5;
				GCC_OPTIMIZATION_LEVEL = 0;
				GCC_PRECOMPILE_PREFIX_HEADER = YES;
				GCC_PREFIX_HEADER = Oculon_Prefix.pch;
				GCC_SYMBOLS_PRIVATE_EXTERN = NO;
				INFOPLIST_FILE = Info.plist;
				INSTALL_PATH = "$(HOME)/Applications";
				OTHER_LDFLAGS = "\"$(CINDER_PATH)/lib/libcinder_d.a\"";
				PRODUCT_NAME = Oculon;
				WRAPPER_EXTENSION = app;
			};
			name = Debug;
		};
		C01FCF4C08A954540054247B /* Release */ = {
			isa = XCBuildConfiguration;
			buildSettings = {
				DEAD_CODE_STRIPPING = YES;
				DEBUG_INFORMATION_FORMAT = "dwarf-with-dsym";
				GCC_FAST_MATH = YES;
				GCC_GENERATE_DEBUGGING_SYMBOLS = NO;
				GCC_INLINES_ARE_PRIVATE_EXTERN = YES;
				GCC_MODEL_TUNING = G5;
				GCC_OPTIMIZATION_LEVEL = 3;
				GCC_PRECOMPILE_PREFIX_HEADER = YES;
				GCC_PREFIX_HEADER = Oculon_Prefix.pch;
				GCC_SYMBOLS_PRIVATE_EXTERN = NO;
				INFOPLIST_FILE = Info.plist;
				INSTALL_PATH = "$(HOME)/Applications";
				OTHER_LDFLAGS = "\"$(CINDER_PATH)/lib/libcinder.a\"";
				PRODUCT_NAME = Oculon;
				STRIP_INSTALLED_PRODUCT = YES;
				WRAPPER_EXTENSION = app;
			};
			name = Release;
		};
		C01FCF4F08A954540054247B /* Debug */ = {
			isa = XCBuildConfiguration;
			buildSettings = {
				ALWAYS_SEARCH_USER_PATHS = NO;
				ARCHS = i386;
				CINDER_PATH = ../../cinder;
				GCC_WARN_ABOUT_RETURN_TYPE = YES;
				GCC_WARN_UNUSED_VARIABLE = YES;
				HEADER_SEARCH_PATHS = "\"$(CINDER_PATH)/boost\"";
				MACOSX_DEPLOYMENT_TARGET = 10.5;
				OTHER_CPLUSPLUSFLAGS = "$(OTHER_CFLAGS)";
				PREBINDING = NO;
				SDKROOT = macosx10.6;
				USER_HEADER_SEARCH_PATHS = "\"$(CINDER_PATH)/include\" ../include";
			};
			name = Debug;
		};
		C01FCF5008A954540054247B /* Release */ = {
			isa = XCBuildConfiguration;
			buildSettings = {
				ALWAYS_SEARCH_USER_PATHS = NO;
				ARCHS = i386;
				CINDER_PATH = ../../cinder;
				GCC_WARN_ABOUT_RETURN_TYPE = YES;
				GCC_WARN_UNUSED_VARIABLE = YES;
				HEADER_SEARCH_PATHS = "\"$(CINDER_PATH)/boost\"";
				MACOSX_DEPLOYMENT_TARGET = 10.5;
				PREBINDING = NO;
				SDKROOT = macosx10.6;
				USER_HEADER_SEARCH_PATHS = "\"$(CINDER_PATH)/include\" ../include";
			};
			name = Release;
		};
/* End XCBuildConfiguration section */

/* Begin XCConfigurationList section */
		C01FCF4A08A954540054247B /* Build configuration list for PBXNativeTarget "Oculon" */ = {
			isa = XCConfigurationList;
			buildConfigurations = (
				C01FCF4B08A954540054247B /* Debug */,
				C01FCF4C08A954540054247B /* Release */,
			);
			defaultConfigurationIsVisible = 0;
			defaultConfigurationName = Release;
		};
		C01FCF4E08A954540054247B /* Build configuration list for PBXProject "Oculon" */ = {
			isa = XCConfigurationList;
			buildConfigurations = (
				C01FCF4F08A954540054247B /* Debug */,
				C01FCF5008A954540054247B /* Release */,
			);
			defaultConfigurationIsVisible = 0;
			defaultConfigurationName = Release;
		};
/* End XCConfigurationList section */
	};
	rootObject = 29B97313FDCFA39411CA2CEA /* Project object */;
}
